hash: 09200fbf1f877a69c00c4da544fa24f8333656e497a938d9342abd424e9be6da
updated: 2017-01-09T18:07:01.062050752+01:00
imports:
- name: github.com/QuentinPerez/go-encodeUrl
  version: 645a9dbeee154c68e218053e604de21f1e3d91d0
- name: github.com/smartystreets/go-aws-auth
  version: 2043e6d0bb7e4c18464a7bba562acbe482e3cabd
testImports:
- name: github.com/gopherjs/gopherjs
  version: dcd7ed070932688cbd543449d96aaae225ffd90c
  subpackages:
  - js
- name: github.com/jtolds/gls
  version: bb0351aa7eb6f322f32667d51375f26a2bca6628
- name: github.com/minio/minio-go
  version: 2d9b5aa27693f8489b04aed103d2ef53fa5ddb4f
  subpackages:
  - pkg/policy
  - pkg/s3signer
  - pkg/s3utils
  - pkg/set
- name: github.com/smartystreets/assertions
  version: 26acb9229f421449ac63d014995b282d59261a8b
  subpackages:
  - internal/go-render/render
  - internal/oglematchers
- name: github.com/smartystreets/goconvey
  version: 3c2572876754c4669ae7417b219f0b30a29b32c7
  subpackages:
  - convey
  - convey/gotest
  - convey/reporting
