hash: f56a598970b4ae8dead7fbf6817179e10c3c25809d0ee5f4a314868b0c328b8e
updated: 2016-04-30T15:55:35.351700098+02:00
imports:
- name: github.com/QuentinPerez/go-encodeUrl
  version: dabace4dfbedc22aae22784fd431cba3b1e9c023
- name: github.com/smartystreets/go-aws-auth
  version: 047be5a178d8309df2060aa5a4e757ec55eb58b1
devImports: []
