# This file is autogenerated, do not edit; changes may be undone by the next 'dep ensure'.


[[projects]]
  branch = "master"
  name = "github.com/QuentinPerez/go-encodeUrl"
  packages = ["."]
  revision = "645a9dbeee154c68e218053e604de21f1e3d91d0"

[[projects]]
  branch = "master"
  name = "github.com/gopherjs/gopherjs"
  packages = ["js"]
  revision = "dc374d32704510cb387457180ca9d5193978b555"

[[projects]]
  branch = "master"
  name = "github.com/jtolds/gls"
  packages = ["."]
  revision = "bb0351aa7eb6f322f32667d51375f26a2bca6628"

[[projects]]
  name = "github.com/minio/minio-go"
  packages = [".","pkg/encrypt","pkg/policy","pkg/s3signer","pkg/s3utils","pkg/set"]
  revision = "2f03abaa07d8bc57faef16cda7655ea62a7e0bed"
  version = "v2.1.0"

[[projects]]
  branch = "master"
  name = "github.com/smartystreets/assertions"
  packages = [".","internal/go-render/render","internal/oglematchers"]
  revision = "26acb9229f421449ac63d014995b282d59261a8b"

[[projects]]
  branch = "master"
  name = "github.com/smartystreets/go-aws-auth"
  packages = ["."]
  revision = "8ef1316913ee4f44bc48c2456e44a5c1c68ea53b"

[[projects]]
  branch = "master"
  name = "github.com/smartystreets/goconvey"
  packages = ["convey","convey/gotest","convey/reporting"]
  revision = "3bd662eac601ad6436e64776af2e112069eb2edc"

[solve-meta]
  analyzer-name = "dep"
  analyzer-version = 1
  inputs-digest = "cae20ebb7fa8a4c4fd495d59479a4d29ba889131d93f9299451518bd7237dbb3"
  solver-name = "gps-cdcl"
  solver-version = 1
